// !$*UTF8*$!
{
	archiveVersion = 1;
	classes = {
	};
	objectVersion = 56;
	objects = {

/* Begin PBXBuildFile section */
		F7503D3A2C550A6E00F022AB /* Lottie in Frameworks */ = {isa = PBXBuildFile; productRef = F7503D392C550A6E00F022AB /* Lottie */; };
		F7503D3C2C550CB100F022AB /* LottieView.swift in Sources */ = {isa = PBXBuildFile; fileRef = F7503D3B2C550CB100F022AB /* LottieView.swift */; };
		F7503D3E2C550D5100F022AB /* win.json in Resources */ = {isa = PBXBuildFile; fileRef = F7503D3D2C550D5100F022AB /* win.json */; };
		F7503D402C550D5600F022AB /* lost.json in Resources */ = {isa = PBXBuildFile; fileRef = F7503D3F2C550D5600F022AB /* lost.json */; };
		F7D0F8492C5414FB00BE3800 /* BrainSafari.swift in Sources */ = {isa = PBXBuildFile; fileRef = F7D0F8482C5414FB00BE3800 /* BrainSafari.swift */; };
		F7D0F84B2C5414FB00BE3800 /* ContentView.swift in Sources */ = {isa = PBXBuildFile; fileRef = F7D0F84A2C5414FB00BE3800 /* ContentView.swift */; };
		F7D0F84D2C5414FD00BE3800 /* Assets.xcassets in Resources */ = {isa = PBXBuildFile; fileRef = F7D0F84C2C5414FD00BE3800 /* Assets.xcassets */; };
		F7D0F8502C5414FD00BE3800 /* Preview Assets.xcassets in Resources */ = {isa = PBXBuildFile; fileRef = F7D0F84F2C5414FD00BE3800 /* Preview Assets.xcassets */; };
		F7D0F8572C54187600BE3800 /* model.swift in Sources */ = {isa = PBXBuildFile; fileRef = F7D0F8562C54187600BE3800 /* model.swift */; };
		F7D0F8592C5418DD00BE3800 /* GameRulesPopup.swift in Sources */ = {isa = PBXBuildFile; fileRef = F7D0F8582C5418DD00BE3800 /* GameRulesPopup.swift */; };
		F7D8D4B52C56854B0058DB3A /* WelcomeView.swift in Sources */ = {isa = PBXBuildFile; fileRef = F7D8D4B42C56854B0058DB3A /* WelcomeView.swift */; };
		F7D8D4B92C56A5560058DB3A /* CustomStartButtonView.swift in Sources */ = {isa = PBXBuildFile; fileRef = F7D8D4B82C56A5560058DB3A /* CustomStartButtonView.swift */; };
		F7DF8B042C59583600BE3F24 /* wining.json in Resources */ = {isa = PBXBuildFile; fileRef = F7DF8B032C59583600BE3F24 /* wining.json */; };
/* End PBXBuildFile section */

/* Begin PBXFileReference section */
		F7503D3B2C550CB100F022AB /* LottieView.swift */ = {isa = PBXFileReference; lastKnownFileType = sourcecode.swift; path = LottieView.swift; sourceTree = "<group>"; };
		F7503D3D2C550D5100F022AB /* win.json */ = {isa = PBXFileReference; fileEncoding = 4; lastKnownFileType = text.json; path = win.json; sourceTree = "<group>"; };
		F7503D3F2C550D5600F022AB /* lost.json */ = {isa = PBXFileReference; fileEncoding = 4; lastKnownFileType = text.json; path = lost.json; sourceTree = "<group>"; };
		F7D0F8452C5414FB00BE3800 /* AnimalLogicNew.app */ = {isa = PBXFileReference; explicitFileType = wrapper.application; includeInIndex = 0; path = AnimalLogicNew.app; sourceTree = BUILT_PRODUCTS_DIR; };
		F7D0F8482C5414FB00BE3800 /* BrainSafari.swift */ = {isa = PBXFileReference; lastKnownFileType = sourcecode.swift; path = BrainSafari.swift; sourceTree = "<group>"; };
		F7D0F84A2C5414FB00BE3800 /* ContentView.swift */ = {isa = PBXFileReference; lastKnownFileType = sourcecode.swift; path = ContentView.swift; sourceTree = "<group>"; };
		F7D0F84C2C5414FD00BE3800 /* Assets.xcassets */ = {isa = PBXFileReference; lastKnownFileType = folder.assetcatalog; path = Assets.xcassets; sourceTree = "<group>"; };
		F7D0F84F2C5414FD00BE3800 /* Preview Assets.xcassets */ = {isa = PBXFileReference; lastKnownFileType = folder.assetcatalog; path = "Preview Assets.xcassets"; sourceTree = "<group>"; };
		F7D0F8562C54187600BE3800 /* model.swift */ = {isa = PBXFileReference; lastKnownFileType = sourcecode.swift; path = model.swift; sourceTree = "<group>"; };
		F7D0F8582C5418DD00BE3800 /* GameRulesPopup.swift */ = {isa = PBXFileReference; lastKnownFileType = sourcecode.swift; path = GameRulesPopup.swift; sourceTree = "<group>"; };
		F7D8D4B42C56854B0058DB3A /* WelcomeView.swift */ = {isa = PBXFileReference; lastKnownFileType = sourcecode.swift; path = WelcomeView.swift; sourceTree = "<group>"; };
		F7D8D4B82C56A5560058DB3A /* CustomStartButtonView.swift */ = {isa = PBXFileReference; lastKnownFileType = sourcecode.swift; path = CustomStartButtonView.swift; sourceTree = "<group>"; };
		F7DF8B032C59583600BE3F24 /* wining.json */ = {isa = PBXFileReference; fileEncoding = 4; lastKnownFileType = text.json; path = wining.json; sourceTree = "<group>"; };
/* End PBXFileReference section */

/* Begin PBXFrameworksBuildPhase section */
		F7D0F8422C5414FB00BE3800 /* Frameworks */ = {
			isa = PBXFrameworksBuildPhase;
			buildActionMask = 2147483647;
			files = (
				F7503D3A2C550A6E00F022AB /* Lottie in Frameworks */,
			);
			runOnlyForDeploymentPostprocessing = 0;
		};
/* End PBXFrameworksBuildPhase section */

/* Begin PBXGroup section */
		F7D0F83C2C5414FB00BE3800 = {
			isa = PBXGroup;
			children = (
				F7D0F8472C5414FB00BE3800 /* AnimalLogicNew */,
				F7D0F8462C5414FB00BE3800 /* Products */,
			);
			sourceTree = "<group>";
		};
		F7D0F8462C5414FB00BE3800 /* Products */ = {
			isa = PBXGroup;
			children = (
				F7D0F8452C5414FB00BE3800 /* AnimalLogicNew.app */,
			);
			name = Products;
			sourceTree = "<group>";
		};
		F7D0F8472C5414FB00BE3800 /* AnimalLogicNew */ = {
			isa = PBXGroup;
			children = (
				F7D0F8482C5414FB00BE3800 /* BrainSafari.swift */,
				F7D0F84A2C5414FB00BE3800 /* ContentView.swift */,
				F7D8D4B42C56854B0058DB3A /* WelcomeView.swift */,
				F7D0F8562C54187600BE3800 /* model.swift */,
				F7D0F8582C5418DD00BE3800 /* GameRulesPopup.swift */,
				F7D8D4B82C56A5560058DB3A /* CustomStartButtonView.swift */,
				F7503D3B2C550CB100F022AB /* LottieView.swift */,
				F7D0F84C2C5414FD00BE3800 /* Assets.xcassets */,
				F7503D3D2C550D5100F022AB /* win.json */,
				F7DF8B032C59583600BE3F24 /* wining.json */,
				F7503D3F2C550D5600F022AB /* lost.json */,
				F7D0F84E2C5414FD00BE3800 /* Preview Content */,
			);
			path = AnimalLogicNew;
			sourceTree = "<group>";
		};
		F7D0F84E2C5414FD00BE3800 /* Preview Content */ = {
			isa = PBXGroup;
			children = (
				F7D0F84F2C5414FD00BE3800 /* Preview Assets.xcassets */,
			);
			path = "Preview Content";
			sourceTree = "<group>";
		};
/* End PBXGroup section */

/* Begin PBXNativeTarget section */
		F7D0F8442C5414FB00BE3800 /* AnimalLogicNew */ = {
			isa = PBXNativeTarget;
			buildConfigurationList = F7D0F8532C5414FD00BE3800 /* Build configuration list for PBXNativeTarget "AnimalLogicNew" */;
			buildPhases = (
				F7D0F8412C5414FB00BE3800 /* Sources */,
				F7D0F8422C5414FB00BE3800 /* Frameworks */,
				F7D0F8432C5414FB00BE3800 /* Resources */,
			);
			buildRules = (
			);
			dependencies = (
			);
			name = AnimalLogicNew;
			packageProductDependencies = (
				F7503D392C550A6E00F022AB /* Lottie */,
			);
			productName = AnimalLogicNew;
			productReference = F7D0F8452C5414FB00BE3800 /* AnimalLogicNew.app */;
			productType = "com.apple.product-type.application";
		};
/* End PBXNativeTarget section */

/* Begin PBXProject section */
		F7D0F83D2C5414FB00BE3800 /* Project object */ = {
			isa = PBXProject;
			attributes = {
				BuildIndependentTargetsInParallel = 1;
				LastSwiftUpdateCheck = 1500;
				LastUpgradeCheck = 1500;
				TargetAttributes = {
					F7D0F8442C5414FB00BE3800 = {
						CreatedOnToolsVersion = 15.0;
					};
				};
			};
			buildConfigurationList = F7D0F8402C5414FB00BE3800 /* Build configuration list for PBXProject "AnimalLogicNew" */;
			compatibilityVersion = "Xcode 14.0";
			developmentRegion = en;
			hasScannedForEncodings = 0;
			knownRegions = (
				en,
				Base,
			);
			mainGroup = F7D0F83C2C5414FB00BE3800;
			packageReferences = (
				F7503D382C550A6E00F022AB /* XCRemoteSwiftPackageReference "lottie-ios" */,
			);
			productRefGroup = F7D0F8462C5414FB00BE3800 /* Products */;
			projectDirPath = "";
			projectRoot = "";
			targets = (
				F7D0F8442C5414FB00BE3800 /* AnimalLogicNew */,
			);
		};
/* End PBXProject section */

/* Begin PBXResourcesBuildPhase section */
		F7D0F8432C5414FB00BE3800 /* Resources */ = {
			isa = PBXResourcesBuildPhase;
			buildActionMask = 2147483647;
			files = (
				F7DF8B042C59583600BE3F24 /* wining.json in Resources */,
				F7D0F8502C5414FD00BE3800 /* Preview Assets.xcassets in Resources */,
				F7D0F84D2C5414FD00BE3800 /* Assets.xcassets in Resources */,
				F7503D3E2C550D5100F022AB /* win.json in Resources */,
				F7503D402C550D5600F022AB /* lost.json in Resources */,
			);
			runOnlyForDeploymentPostprocessing = 0;
		};
/* End PBXResourcesBuildPhase section */

/* Begin PBXSourcesBuildPhase section */
		F7D0F8412C5414FB00BE3800 /* Sources */ = {
			isa = PBXSourcesBuildPhase;
			buildActionMask = 2147483647;
			files = (
				F7D8D4B92C56A5560058DB3A /* CustomStartButtonView.swift in Sources */,
				F7503D3C2C550CB100F022AB /* LottieView.swift in Sources */,
				F7D0F8592C5418DD00BE3800 /* GameRulesPopup.swift in Sources */,
				F7D0F84B2C5414FB00BE3800 /* ContentView.swift in Sources */,
				F7D0F8572C54187600BE3800 /* model.swift in Sources */,
				F7D8D4B52C56854B0058DB3A /* WelcomeView.swift in Sources */,
				F7D0F8492C5414FB00BE3800 /* BrainSafari.swift in Sources */,
			);
			runOnlyForDeploymentPostprocessing = 0;
		};
/* End PBXSourcesBuildPhase section */

/* Begin XCBuildConfiguration section */
		F7D0F8512C5414FD00BE3800 /* Debug */ = {
			isa = XCBuildConfiguration;
			buildSettings = {
				ALWAYS_SEARCH_USER_PATHS = NO;
				ASSETCATALOG_COMPILER_GENERATE_SWIFT_ASSET_SYMBOL_EXTENSIONS = YES;
				CLANG_ANALYZER_NONNULL = YES;
				CLANG_ANALYZER_NUMBER_OBJECT_CONVERSION = YES_AGGRESSIVE;
				CLANG_CXX_LANGUAGE_STANDARD = "gnu++20";
				CLANG_ENABLE_MODULES = YES;
				CLANG_ENABLE_OBJC_ARC = YES;
				CLANG_ENABLE_OBJC_WEAK = YES;
				CLANG_WARN_BLOCK_CAPTURE_AUTORELEASING = YES;
				CLANG_WARN_BOOL_CONVERSION = YES;
				CLANG_WARN_COMMA = YES;
				CLANG_WARN_CONSTANT_CONVERSION = YES;
				CLANG_WARN_DEPRECATED_OBJC_IMPLEMENTATIONS = YES;
				CLANG_WARN_DIRECT_OBJC_ISA_USAGE = YES_ERROR;
				CLANG_WARN_DOCUMENTATION_COMMENTS = YES;
				CLANG_WARN_EMPTY_BODY = YES;
				CLANG_WARN_ENUM_CONVERSION = YES;
				CLANG_WARN_INFINITE_RECURSION = YES;
				CLANG_WARN_INT_CONVERSION = YES;
				CLANG_WARN_NON_LITERAL_NULL_CONVERSION = YES;
				CLANG_WARN_OBJC_IMPLICIT_RETAIN_SELF = YES;
				CLANG_WARN_OBJC_LITERAL_CONVERSION = YES;
				CLANG_WARN_OBJC_ROOT_CLASS = YES_ERROR;
				CLANG_WARN_QUOTED_INCLUDE_IN_FRAMEWORK_HEADER = YES;
				CLANG_WARN_RANGE_LOOP_ANALYSIS = YES;
				CLANG_WARN_STRICT_PROTOTYPES = YES;
				CLANG_WARN_SUSPICIOUS_MOVE = YES;
				CLANG_WARN_UNGUARDED_AVAILABILITY = YES_AGGRESSIVE;
				CLANG_WARN_UNREACHABLE_CODE = YES;
				CLANG_WARN__DUPLICATE_METHOD_MATCH = YES;
				COPY_PHASE_STRIP = NO;
				DEBUG_INFORMATION_FORMAT = dwarf;
				ENABLE_STRICT_OBJC_MSGSEND = YES;
				ENABLE_TESTABILITY = YES;
				ENABLE_USER_SCRIPT_SANDBOXING = YES;
				GCC_C_LANGUAGE_STANDARD = gnu17;
				GCC_DYNAMIC_NO_PIC = NO;
				GCC_NO_COMMON_BLOCKS = YES;
				GCC_OPTIMIZATION_LEVEL = 0;
				GCC_PREPROCESSOR_DEFINITIONS = (
					"DEBUG=1",
					"$(inherited)",
				);
				GCC_WARN_64_TO_32_BIT_CONVERSION = YES;
				GCC_WARN_ABOUT_RETURN_TYPE = YES_ERROR;
				GCC_WARN_UNDECLARED_SELECTOR = YES;
				GCC_WARN_UNINITIALIZED_AUTOS = YES_AGGRESSIVE;
				GCC_WARN_UNUSED_FUNCTION = YES;
				GCC_WARN_UNUSED_VARIABLE = YES;
				IPHONEOS_DEPLOYMENT_TARGET = 17.0;
				LOCALIZATION_PREFERS_STRING_CATALOGS = YES;
				MTL_ENABLE_DEBUG_INFO = INCLUDE_SOURCE;
				MTL_FAST_MATH = YES;
				ONLY_ACTIVE_ARCH = YES;
				SDKROOT = iphoneos;
				SWIFT_ACTIVE_COMPILATION_CONDITIONS = "DEBUG $(inherited)";
				SWIFT_OPTIMIZATION_LEVEL = "-Onone";
			};
			name = Debug;
		};
		F7D0F8522C5414FD00BE3800 /* Release */ = {
			isa = XCBuildConfiguration;
			buildSettings = {
				ALWAYS_SEARCH_USER_PATHS = NO;
				ASSETCATALOG_COMPILER_GENERATE_SWIFT_ASSET_SYMBOL_EXTENSIONS = YES;
				CLANG_ANALYZER_NONNULL = YES;
				CLANG_ANALYZER_NUMBER_OBJECT_CONVERSION = YES_AGGRESSIVE;
				CLANG_CXX_LANGUAGE_STANDARD = "gnu++20";
				CLANG_ENABLE_MODULES = YES;
				CLANG_ENABLE_OBJC_ARC = YES;
				CLANG_ENABLE_OBJC_WEAK = YES;
				CLANG_WARN_BLOCK_CAPTURE_AUTORELEASING = YES;
				CLANG_WARN_BOOL_CONVERSION = YES;
				CLANG_WARN_COMMA = YES;
				CLANG_WARN_CONSTANT_CONVERSION = YES;
				CLANG_WARN_DEPRECATED_OBJC_IMPLEMENTATIONS = YES;
				CLANG_WARN_DIRECT_OBJC_ISA_USAGE = YES_ERROR;
				CLANG_WARN_DOCUMENTATION_COMMENTS = YES;
				CLANG_WARN_EMPTY_BODY = YES;
				CLANG_WARN_ENUM_CONVERSION = YES;
				CLANG_WARN_INFINITE_RECURSION = YES;
				CLANG_WARN_INT_CONVERSION = YES;
				CLANG_WARN_NON_LITERAL_NULL_CONVERSION = YES;
				CLANG_WARN_OBJC_IMPLICIT_RETAIN_SELF = YES;
				CLANG_WARN_OBJC_LITERAL_CONVERSION = YES;
				CLANG_WARN_OBJC_ROOT_CLASS = YES_ERROR;
				CLANG_WARN_QUOTED_INCLUDE_IN_FRAMEWORK_HEADER = YES;
				CLANG_WARN_RANGE_LOOP_ANALYSIS = YES;
				CLANG_WARN_STRICT_PROTOTYPES = YES;
				CLANG_WARN_SUSPICIOUS_MOVE = YES;
				CLANG_WARN_UNGUARDED_AVAILABILITY = YES_AGGRESSIVE;
				CLANG_WARN_UNREACHABLE_CODE = YES;
				CLANG_WARN__DUPLICATE_METHOD_MATCH = YES;
				COPY_PHASE_STRIP = NO;
				DEBUG_INFORMATION_FORMAT = "dwarf-with-dsym";
				ENABLE_NS_ASSERTIONS = NO;
				ENABLE_STRICT_OBJC_MSGSEND = YES;
				ENABLE_USER_SCRIPT_SANDBOXING = YES;
				GCC_C_LANGUAGE_STANDARD = gnu17;
				GCC_NO_COMMON_BLOCKS = YES;
				GCC_WARN_64_TO_32_BIT_CONVERSION = YES;
				GCC_WARN_ABOUT_RETURN_TYPE = YES_ERROR;
				GCC_WARN_UNDECLARED_SELECTOR = YES;
				GCC_WARN_UNINITIALIZED_AUTOS = YES_AGGRESSIVE;
				GCC_WARN_UNUSED_FUNCTION = YES;
				GCC_WARN_UNUSED_VARIABLE = YES;
				IPHONEOS_DEPLOYMENT_TARGET = 17.0;
				LOCALIZATION_PREFERS_STRING_CATALOGS = YES;
				MTL_ENABLE_DEBUG_INFO = NO;
				MTL_FAST_MATH = YES;
				SDKROOT = iphoneos;
				SWIFT_COMPILATION_MODE = wholemodule;
				VALIDATE_PRODUCT = YES;
			};
			name = Release;
		};
		F7D0F8542C5414FD00BE3800 /* Debug */ = {
			isa = XCBuildConfiguration;
			buildSettings = {
				ASSETCATALOG_COMPILER_APPICON_NAME = AppIcon;
				ASSETCATALOG_COMPILER_GLOBAL_ACCENT_COLOR_NAME = AccentColor;
				CODE_SIGN_STYLE = Automatic;
				CURRENT_PROJECT_VERSION = 1;
				DEVELOPMENT_ASSET_PATHS = "\"AnimalLogicNew/Preview Content\"";
				DEVELOPMENT_TEAM = 345BZLKWW9;
				ENABLE_PREVIEWS = YES;
				GENERATE_INFOPLIST_FILE = YES;
				INFOPLIST_KEY_CFBundleDisplayName = "Brain Safary";
				INFOPLIST_KEY_UIApplicationSceneManifest_Generation = YES;
				INFOPLIST_KEY_UIApplicationSupportsIndirectInputEvents = YES;
				INFOPLIST_KEY_UILaunchScreen_Generation = YES;
				INFOPLIST_KEY_UISupportedInterfaceOrientations_iPad = "UIInterfaceOrientationPortrait UIInterfaceOrientationPortraitUpsideDown UIInterfaceOrientationLandscapeLeft UIInterfaceOrientationLandscapeRight";
				INFOPLIST_KEY_UISupportedInterfaceOrientations_iPhone = "UIInterfaceOrientationPortrait UIInterfaceOrientationLandscapeLeft UIInterfaceOrientationLandscapeRight";
				IPHONEOS_DEPLOYMENT_TARGET = 17.0;
				LD_RUNPATH_SEARCH_PATHS = (
					"$(inherited)",
					"@executable_path/Frameworks",
				);
				MARKETING_VERSION = 1.0;
				PRODUCT_BUNDLE_IDENTIFIER = com.RemontadaTechnology.AnimalLogicNew;
				PRODUCT_NAME = "$(TARGET_NAME)";
				SWIFT_EMIT_LOC_STRINGS = YES;
				SWIFT_VERSION = 5.0;
				TARGETED_DEVICE_FAMILY = "1,2";
			};
			name = Debug;
		};
		F7D0F8552C5414FD00BE3800 /* Release */ = {
			isa = XCBuildConfiguration;
			buildSettings = {
				ASSETCATALOG_COMPILER_APPICON_NAME = AppIcon;
				ASSETCATALOG_COMPILER_GLOBAL_ACCENT_COLOR_NAME = AccentColor;
				CODE_SIGN_STYLE = Automatic;
				CURRENT_PROJECT_VERSION = 1;
				DEVELOPMENT_ASSET_PATHS = "\"AnimalLogicNew/Preview Content\"";
				DEVELOPMENT_TEAM = 345BZLKWW9;
				ENABLE_PREVIEWS = YES;
				GENERATE_INFOPLIST_FILE = YES;
				INFOPLIST_KEY_CFBundleDisplayName = "Brain Safary";
				INFOPLIST_KEY_UIApplicationSceneManifest_Generation = YES;
				INFOPLIST_KEY_UIApplicationSupportsIndirectInputEvents = YES;
				INFOPLIST_KEY_UILaunchScreen_Generation = YES;
				INFOPLIST_KEY_UISupportedInterfaceOrientations_iPad = "UIInterfaceOrientationPortrait UIInterfaceOrientationPortraitUpsideDown UIInterfaceOrientationLandscapeLeft UIInterfaceOrientationLandscapeRight";
				INFOPLIST_KEY_UISupportedInterfaceOrientations_iPhone = "UIInterfaceOrientationPortrait UIInterfaceOrientationLandscapeLeft UIInterfaceOrientationLandscapeRight";
				IPHONEOS_DEPLOYMENT_TARGET = 17.0;
				LD_RUNPATH_SEARCH_PATHS = (
					"$(inherited)",
					"@executable_path/Frameworks",
				);
				MARKETING_VERSION = 1.0;
				PRODUCT_BUNDLE_IDENTIFIER = com.RemontadaTechnology.AnimalLogicNew;
				PRODUCT_NAME = "$(TARGET_NAME)";
				SWIFT_EMIT_LOC_STRINGS = YES;
				SWIFT_VERSION = 5.0;
				TARGETED_DEVICE_FAMILY = "1,2";
			};
			name = Release;
		};
/* End XCBuildConfiguration section */

/* Begin XCConfigurationList section */
		F7D0F8402C5414FB00BE3800 /* Build configuration list for PBXProject "AnimalLogicNew" */ = {
			isa = XCConfigurationList;
			buildConfigurations = (
				F7D0F8512C5414FD00BE3800 /* Debug */,
				F7D0F8522C5414FD00BE3800 /* Release */,
			);
			defaultConfigurationIsVisible = 0;
			defaultConfigurationName = Release;
		};
		F7D0F8532C5414FD00BE3800 /* Build configuration list for PBXNativeTarget "AnimalLogicNew" */ = {
			isa = XCConfigurationList;
			buildConfigurations = (
				F7D0F8542C5414FD00BE3800 /* Debug */,
				F7D0F8552C5414FD00BE3800 /* Release */,
			);
			defaultConfigurationIsVisible = 0;
			defaultConfigurationName = Release;
		};
/* End XCConfigurationList section */

/* Begin XCRemoteSwiftPackageReference section */
		F7503D382C550A6E00F022AB /* XCRemoteSwiftPackageReference "lottie-ios" */ = {
			isa = XCRemoteSwiftPackageReference;
			repositoryURL = "https://github.com/airbnb/lottie-ios";
			requirement = {
				kind = upToNextMajorVersion;
				minimumVersion = 4.5.0;
			};
		};
/* End XCRemoteSwiftPackageReference section */

/* Begin XCSwiftPackageProductDependency section */
		F7503D392C550A6E00F022AB /* Lottie */ = {
			isa = XCSwiftPackageProductDependency;
			package = F7503D382C550A6E00F022AB /* XCRemoteSwiftPackageReference "lottie-ios" */;
			productName = Lottie;
		};
/* End XCSwiftPackageProductDependency section */
	};
	rootObject = F7D0F83D2C5414FB00BE3800 /* Project object */;
}
